
Microsoft Visual Studio Solution File, Format Version 12.00
# Visual Studio 15
VisualStudioVersion = 15.0.27004.2005
MinimumVisualStudioVersion = 10.0.40219.1
Project("{888888A0-9F3D-457C-B088-3A5042F75D52}") = "InvestmentSplicing", "InvestmentSplicing.pyproj", "{D7482A5F-F083-499C-9B5A-7E041759C418}"
EndProject
Global
	GlobalSection(SolutionConfigurationPlatforms) = preSolution
		Debug|Any CPU = Debug|Any CPU
		Release|Any CPU = Release|Any CPU
	EndGlobalSection
	GlobalSection(ProjectConfigurationPlatforms) = postSolution
		{D7482A5F-F083-499C-9B5A-7E041759C418}.Debug|Any CPU.ActiveCfg = Debug|Any CPU
		{D7482A5F-F083-499C-9B5A-7E041759C418}.Release|Any CPU.ActiveCfg = Release|Any CPU
	EndGlobalSection
	GlobalSection(SolutionProperties) = preSolution
		HideSolutionNode = FALSE
	EndGlobalSection
	GlobalSection(ExtensibilityGlobals) = postSolution
		SolutionGuid = {2DC2EF89-0A8D-4EB8-A265-3BA77B323F81}
	EndGlobalSection
EndGlobal
